// !$*UTF8*$!
{
	archiveVersion = 1;
	classes = {
	};
	objectVersion = 50;
	objects = {

/* Begin PBXBuildFile section */
		6C67DF752551D19200F08F37 /* AppDelegate.swift in Sources */ = {isa = PBXBuildFile; fileRef = 6C67DF742551D19200F08F37 /* AppDelegate.swift */; };
		6C67DF772551D19200F08F37 /* SceneDelegate.swift in Sources */ = {isa = PBXBuildFile; fileRef = 6C67DF762551D19200F08F37 /* SceneDelegate.swift */; };
		6C67DF792551D19200F08F37 /* ContentView.swift in Sources */ = {isa = PBXBuildFile; fileRef = 6C67DF782551D19200F08F37 /* ContentView.swift */; };
		6C67DF7B2551D19300F08F37 /* Assets.xcassets in Resources */ = {isa = PBXBuildFile; fileRef = 6C67DF7A2551D19300F08F37 /* Assets.xcassets */; };
		6C67DF7E2551D19300F08F37 /* Preview Assets.xcassets in Resources */ = {isa = PBXBuildFile; fileRef = 6C67DF7D2551D19300F08F37 /* Preview Assets.xcassets */; };
		6C67DF812551D19300F08F37 /* LaunchScreen.storyboard in Resources */ = {isa = PBXBuildFile; fileRef = 6C67DF7F2551D19300F08F37 /* LaunchScreen.storyboard */; };
		6C67DF8C2551D19400F08F37 /* CitiesSearchTests.swift in Sources */ = {isa = PBXBuildFile; fileRef = 6C67DF8B2551D19400F08F37 /* CitiesSearchTests.swift */; };
		6C67DFBA2551D5D600F08F37 /* Destination.swift in Sources */ = {isa = PBXBuildFile; fileRef = 6C67DFA82551D4B700F08F37 /* Destination.swift */; };
		6C67DFBB2551D5D600F08F37 /* Navigator.swift in Sources */ = {isa = PBXBuildFile; fileRef = 6C67DFA92551D4B700F08F37 /* Navigator.swift */; };
		6C67DFBC2551D5DF00F08F37 /* UITableView+Cell.swift in Sources */ = {isa = PBXBuildFile; fileRef = 6C67DF9D2551D3D800F08F37 /* UITableView+Cell.swift */; };
		6C67DFBD2551D5DF00F08F37 /* UIViewController+Error.swift in Sources */ = {isa = PBXBuildFile; fileRef = 6C67DF9E2551D3D800F08F37 /* UIViewController+Error.swift */; };
		6C67DFBE2551D5DF00F08F37 /* Bundle+Decoder.swift in Sources */ = {isa = PBXBuildFile; fileRef = 6C67DF9F2551D3D800F08F37 /* Bundle+Decoder.swift */; };
		6C67DFBF2551D5DF00F08F37 /* Data+Codable.swift in Sources */ = {isa = PBXBuildFile; fileRef = 6C67DFA02551D3D800F08F37 /* Data+Codable.swift */; };
		6C67DFC02551D5DF00F08F37 /* UIView+Constrains.swift in Sources */ = {isa = PBXBuildFile; fileRef = 6C67DFA12551D3D800F08F37 /* UIView+Constrains.swift */; };
		6C67DFC12551D5E600F08F37 /* Logger.swift in Sources */ = {isa = PBXBuildFile; fileRef = 6C67DFB62551D4C200F08F37 /* Logger.swift */; };
		6C67DFC22551D5E600F08F37 /* Observable.swift in Sources */ = {isa = PBXBuildFile; fileRef = 6C67DFB72551D4C200F08F37 /* Observable.swift */; };
		6C67DFC32551D5E600F08F37 /* ActivityIndicatorFooter.swift in Sources */ = {isa = PBXBuildFile; fileRef = 6C67DFB82551D4C200F08F37 /* ActivityIndicatorFooter.swift */; };
		6C67DFC42551D5E600F08F37 /* NetworkError.swift in Sources */ = {isa = PBXBuildFile; fileRef = 6C67DFB92551D4C200F08F37 /* NetworkError.swift */; };
		6C67DFC52551D62900F08F37 /* CityTableCell.swift in Sources */ = {isa = PBXBuildFile; fileRef = 6C67DFA62551D41A00F08F37 /* CityTableCell.swift */; };
		6C67DFC62551D62900F08F37 /* CitiesLocalLoader.swift in Sources */ = {isa = PBXBuildFile; fileRef = 6C67DFA52551D40F00F08F37 /* CitiesLocalLoader.swift */; };
		6C67DFC72551D62900F08F37 /* CitiesTableController.swift in Sources */ = {isa = PBXBuildFile; fileRef = 6C67DFA22551D40F00F08F37 /* CitiesTableController.swift */; };
		6C67DFC82551D62900F08F37 /* CitiesViewModel.swift in Sources */ = {isa = PBXBuildFile; fileRef = 6C67DFA42551D40F00F08F37 /* CitiesViewModel.swift */; };
		6C67DFCB2551D63A00F08F37 /* City.swift in Sources */ = {isa = PBXBuildFile; fileRef = 6C67DFCA2551D63A00F08F37 /* City.swift */; };
		6C67DFCC2551DA4800F08F37 /* cities.json in Resources */ = {isa = PBXBuildFile; fileRef = 6C67DF962551D22F00F08F37 /* cities.json */; };
/* End PBXBuildFile section */

/* Begin PBXContainerItemProxy section */
		6C67DF882551D19400F08F37 /* PBXContainerItemProxy */ = {
			isa = PBXContainerItemProxy;
			containerPortal = 6C67DF692551D19200F08F37 /* Project object */;
			proxyType = 1;
			remoteGlobalIDString = 6C67DF702551D19200F08F37;
			remoteInfo = CitiesSearch;
		};
/* End PBXContainerItemProxy section */

/* Begin PBXFileReference section */
		6C67DF712551D19200F08F37 /* CitiesSearch.app */ = {isa = PBXFileReference; explicitFileType = wrapper.application; includeInIndex = 0; path = CitiesSearch.app; sourceTree = BUILT_PRODUCTS_DIR; };
		6C67DF742551D19200F08F37 /* AppDelegate.swift */ = {isa = PBXFileReference; lastKnownFileType = sourcecode.swift; path = AppDelegate.swift; sourceTree = "<group>"; };
		6C67DF762551D19200F08F37 /* SceneDelegate.swift */ = {isa = PBXFileReference; lastKnownFileType = sourcecode.swift; path = SceneDelegate.swift; sourceTree = "<group>"; };
		6C67DF782551D19200F08F37 /* ContentView.swift */ = {isa = PBXFileReference; lastKnownFileType = sourcecode.swift; path = ContentView.swift; sourceTree = "<group>"; };
		6C67DF7A2551D19300F08F37 /* Assets.xcassets */ = {isa = PBXFileReference; lastKnownFileType = folder.assetcatalog; path = Assets.xcassets; sourceTree = "<group>"; };
		6C67DF7D2551D19300F08F37 /* Preview Assets.xcassets */ = {isa = PBXFileReference; lastKnownFileType = folder.assetcatalog; path = "Preview Assets.xcassets"; sourceTree = "<group>"; };
		6C67DF802551D19300F08F37 /* Base */ = {isa = PBXFileReference; lastKnownFileType = file.storyboard; name = Base; path = Base.lproj/LaunchScreen.storyboard; sourceTree = "<group>"; };
		6C67DF822551D19300F08F37 /* Info.plist */ = {isa = PBXFileReference; lastKnownFileType = text.plist.xml; path = Info.plist; sourceTree = "<group>"; };
		6C67DF872551D19400F08F37 /* CitiesSearchTests.xctest */ = {isa = PBXFileReference; explicitFileType = wrapper.cfbundle; includeInIndex = 0; path = CitiesSearchTests.xctest; sourceTree = BUILT_PRODUCTS_DIR; };
		6C67DF8B2551D19400F08F37 /* CitiesSearchTests.swift */ = {isa = PBXFileReference; lastKnownFileType = sourcecode.swift; path = CitiesSearchTests.swift; sourceTree = "<group>"; };
		6C67DF8D2551D19400F08F37 /* Info.plist */ = {isa = PBXFileReference; lastKnownFileType = text.plist.xml; path = Info.plist; sourceTree = "<group>"; };
		6C67DF962551D22F00F08F37 /* cities.json */ = {isa = PBXFileReference; lastKnownFileType = text.json; path = cities.json; sourceTree = "<group>"; };
		6C67DF972551D22F00F08F37 /* InstructionsForTheTest.md */ = {isa = PBXFileReference; lastKnownFileType = net.daringfireball.markdown; path = InstructionsForTheTest.md; sourceTree = "<group>"; };
		6C67DF9D2551D3D800F08F37 /* UITableView+Cell.swift */ = {isa = PBXFileReference; lastKnownFileType = sourcecode.swift; path = "UITableView+Cell.swift"; sourceTree = "<group>"; };
		6C67DF9E2551D3D800F08F37 /* UIViewController+Error.swift */ = {isa = PBXFileReference; lastKnownFileType = sourcecode.swift; path = "UIViewController+Error.swift"; sourceTree = "<group>"; };
		6C67DF9F2551D3D800F08F37 /* Bundle+Decoder.swift */ = {isa = PBXFileReference; lastKnownFileType = sourcecode.swift; path = "Bundle+Decoder.swift"; sourceTree = "<group>"; };
		6C67DFA02551D3D800F08F37 /* Data+Codable.swift */ = {isa = PBXFileReference; lastKnownFileType = sourcecode.swift; path = "Data+Codable.swift"; sourceTree = "<group>"; };
		6C67DFA12551D3D800F08F37 /* UIView+Constrains.swift */ = {isa = PBXFileReference; lastKnownFileType = sourcecode.swift; path = "UIView+Constrains.swift"; sourceTree = "<group>"; };
		6C67DFA22551D40F00F08F37 /* CitiesTableController.swift */ = {isa = PBXFileReference; lastKnownFileType = sourcecode.swift; path = CitiesTableController.swift; sourceTree = "<group>"; };
		6C67DFA42551D40F00F08F37 /* CitiesViewModel.swift */ = {isa = PBXFileReference; lastKnownFileType = sourcecode.swift; path = CitiesViewModel.swift; sourceTree = "<group>"; };
		6C67DFA52551D40F00F08F37 /* CitiesLocalLoader.swift */ = {isa = PBXFileReference; lastKnownFileType = sourcecode.swift; path = CitiesLocalLoader.swift; sourceTree = "<group>"; };
		6C67DFA62551D41A00F08F37 /* CityTableCell.swift */ = {isa = PBXFileReference; lastKnownFileType = sourcecode.swift; path = CityTableCell.swift; sourceTree = "<group>"; };
		6C67DFA82551D4B700F08F37 /* Destination.swift */ = {isa = PBXFileReference; lastKnownFileType = sourcecode.swift; path = Destination.swift; sourceTree = "<group>"; };
		6C67DFA92551D4B700F08F37 /* Navigator.swift */ = {isa = PBXFileReference; lastKnownFileType = sourcecode.swift; path = Navigator.swift; sourceTree = "<group>"; };
		6C67DFB62551D4C200F08F37 /* Logger.swift */ = {isa = PBXFileReference; lastKnownFileType = sourcecode.swift; path = Logger.swift; sourceTree = "<group>"; };
		6C67DFB72551D4C200F08F37 /* Observable.swift */ = {isa = PBXFileReference; lastKnownFileType = sourcecode.swift; path = Observable.swift; sourceTree = "<group>"; };
		6C67DFB82551D4C200F08F37 /* ActivityIndicatorFooter.swift */ = {isa = PBXFileReference; lastKnownFileType = sourcecode.swift; path = ActivityIndicatorFooter.swift; sourceTree = "<group>"; };
		6C67DFB92551D4C200F08F37 /* NetworkError.swift */ = {isa = PBXFileReference; lastKnownFileType = sourcecode.swift; path = NetworkError.swift; sourceTree = "<group>"; };
		6C67DFCA2551D63A00F08F37 /* City.swift */ = {isa = PBXFileReference; lastKnownFileType = sourcecode.swift; path = City.swift; sourceTree = "<group>"; };
/* End PBXFileReference section */

/* Begin PBXFrameworksBuildPhase section */
		6C67DF6E2551D19200F08F37 /* Frameworks */ = {
			isa = PBXFrameworksBuildPhase;
			buildActionMask = 2147483647;
			files = (
			);
			runOnlyForDeploymentPostprocessing = 0;
		};
		6C67DF842551D19400F08F37 /* Frameworks */ = {
			isa = PBXFrameworksBuildPhase;
			buildActionMask = 2147483647;
			files = (
			);
			runOnlyForDeploymentPostprocessing = 0;
		};
/* End PBXFrameworksBuildPhase section */

/* Begin PBXGroup section */
		6C67DF682551D19200F08F37 = {
			isa = PBXGroup;
			children = (
				6C67DF732551D19200F08F37 /* CitiesSearch */,
				6C67DF8A2551D19400F08F37 /* CitiesSearchTests */,
				6C67DF722551D19200F08F37 /* Products */,
			);
			sourceTree = "<group>";
		};
		6C67DF722551D19200F08F37 /* Products */ = {
			isa = PBXGroup;
			children = (
				6C67DF712551D19200F08F37 /* CitiesSearch.app */,
				6C67DF872551D19400F08F37 /* CitiesSearchTests.xctest */,
			);
			name = Products;
			sourceTree = "<group>";
		};
		6C67DF732551D19200F08F37 /* CitiesSearch */ = {
			isa = PBXGroup;
			children = (
				6C67DFAA2551D4C200F08F37 /* Modules */,
				6C67DF992551D28100F08F37 /* Scenes */,
				6C67DF982551D26B00F08F37 /* SupportingFiles */,
				6C67DF962551D22F00F08F37 /* cities.json */,
				6C67DF972551D22F00F08F37 /* InstructionsForTheTest.md */,
				6C67DF7C2551D19300F08F37 /* Preview Content */,
			);
			path = CitiesSearch;
			sourceTree = "<group>";
		};
		6C67DF7C2551D19300F08F37 /* Preview Content */ = {
			isa = PBXGroup;
			children = (
				6C67DF7D2551D19300F08F37 /* Preview Assets.xcassets */,
			);
			path = "Preview Content";
			sourceTree = "<group>";
		};
		6C67DF8A2551D19400F08F37 /* CitiesSearchTests */ = {
			isa = PBXGroup;
			children = (
				6C67DF8B2551D19400F08F37 /* CitiesSearchTests.swift */,
				6C67DF8D2551D19400F08F37 /* Info.plist */,
			);
			path = CitiesSearchTests;
			sourceTree = "<group>";
		};
		6C67DF982551D26B00F08F37 /* SupportingFiles */ = {
			isa = PBXGroup;
			children = (
				6C67DF742551D19200F08F37 /* AppDelegate.swift */,
				6C67DF762551D19200F08F37 /* SceneDelegate.swift */,
				6C67DF782551D19200F08F37 /* ContentView.swift */,
				6C67DF7A2551D19300F08F37 /* Assets.xcassets */,
				6C67DF7F2551D19300F08F37 /* LaunchScreen.storyboard */,
				6C67DF822551D19300F08F37 /* Info.plist */,
			);
			path = SupportingFiles;
			sourceTree = "<group>";
		};
		6C67DF992551D28100F08F37 /* Scenes */ = {
			isa = PBXGroup;
			children = (
				6C67DF9A2551D28B00F08F37 /* citiesList */,
			);
			path = Scenes;
			sourceTree = "<group>";
		};
		6C67DF9A2551D28B00F08F37 /* citiesList */ = {
			isa = PBXGroup;
			children = (
				6C67DFA62551D41A00F08F37 /* CityTableCell.swift */,
				6C67DFA52551D40F00F08F37 /* CitiesLocalLoader.swift */,
				6C67DFA22551D40F00F08F37 /* CitiesTableController.swift */,
				6C67DFA42551D40F00F08F37 /* CitiesViewModel.swift */,
				6C67DFCA2551D63A00F08F37 /* City.swift */,
			);
			path = citiesList;
			sourceTree = "<group>";
		};
		6C67DF9B2551D3D800F08F37 /* Extensions */ = {
			isa = PBXGroup;
			children = (
				6C67DF9D2551D3D800F08F37 /* UITableView+Cell.swift */,
				6C67DF9E2551D3D800F08F37 /* UIViewController+Error.swift */,
				6C67DF9F2551D3D800F08F37 /* Bundle+Decoder.swift */,
				6C67DFA02551D3D800F08F37 /* Data+Codable.swift */,
				6C67DFA12551D3D800F08F37 /* UIView+Constrains.swift */,
			);
			name = Extensions;
			path = ../Extensions;
			sourceTree = "<group>";
		};
		6C67DFA72551D4B700F08F37 /* Navigation */ = {
			isa = PBXGroup;
			children = (
				6C67DFA82551D4B700F08F37 /* Destination.swift */,
				6C67DFA92551D4B700F08F37 /* Navigator.swift */,
			);
			name = Navigation;
			path = ../Navigation;
			sourceTree = "<group>";
		};
		6C67DFAA2551D4C200F08F37 /* Modules */ = {
			isa = PBXGroup;
			children = (
				6C67DFA72551D4B700F08F37 /* Navigation */,
				6C67DF9B2551D3D800F08F37 /* Extensions */,
				6C67DFB52551D4C200F08F37 /* Components */,
			);
			path = Modules;
			sourceTree = "<group>";
		};
		6C67DFB52551D4C200F08F37 /* Components */ = {
			isa = PBXGroup;
			children = (
				6C67DFB62551D4C200F08F37 /* Logger.swift */,
				6C67DFB72551D4C200F08F37 /* Observable.swift */,
				6C67DFB82551D4C200F08F37 /* ActivityIndicatorFooter.swift */,
				6C67DFB92551D4C200F08F37 /* NetworkError.swift */,
			);
			path = Components;
			sourceTree = "<group>";
		};
/* End PBXGroup section */

/* Begin PBXNativeTarget section */
		6C67DF702551D19200F08F37 /* CitiesSearch */ = {
			isa = PBXNativeTarget;
			buildConfigurationList = 6C67DF902551D19400F08F37 /* Build configuration list for PBXNativeTarget "CitiesSearch" */;
			buildPhases = (
				6C67DF6D2551D19200F08F37 /* Sources */,
				6C67DF6E2551D19200F08F37 /* Frameworks */,
				6C67DF6F2551D19200F08F37 /* Resources */,
			);
			buildRules = (
			);
			dependencies = (
			);
			name = CitiesSearch;
			productName = CitiesSearch;
			productReference = 6C67DF712551D19200F08F37 /* CitiesSearch.app */;
			productType = "com.apple.product-type.application";
		};
		6C67DF862551D19400F08F37 /* CitiesSearchTests */ = {
			isa = PBXNativeTarget;
			buildConfigurationList = 6C67DF932551D19400F08F37 /* Build configuration list for PBXNativeTarget "CitiesSearchTests" */;
			buildPhases = (
				6C67DF832551D19400F08F37 /* Sources */,
				6C67DF842551D19400F08F37 /* Frameworks */,
				6C67DF852551D19400F08F37 /* Resources */,
			);
			buildRules = (
			);
			dependencies = (
				6C67DF892551D19400F08F37 /* PBXTargetDependency */,
			);
			name = CitiesSearchTests;
			productName = CitiesSearchTests;
			productReference = 6C67DF872551D19400F08F37 /* CitiesSearchTests.xctest */;
			productType = "com.apple.product-type.bundle.unit-test";
		};
/* End PBXNativeTarget section */

/* Begin PBXProject section */
		6C67DF692551D19200F08F37 /* Project object */ = {
			isa = PBXProject;
			attributes = {
				LastSwiftUpdateCheck = 1150;
				LastUpgradeCheck = 1150;
				ORGANIZATIONNAME = abuzeid;
				TargetAttributes = {
					6C67DF702551D19200F08F37 = {
						CreatedOnToolsVersion = 11.5;
					};
					6C67DF862551D19400F08F37 = {
						CreatedOnToolsVersion = 11.5;
						TestTargetID = 6C67DF702551D19200F08F37;
					};
				};
			};
			buildConfigurationList = 6C67DF6C2551D19200F08F37 /* Build configuration list for PBXProject "CitiesSearch" */;
			compatibilityVersion = "Xcode 9.3";
			developmentRegion = en;
			hasScannedForEncodings = 0;
			knownRegions = (
				en,
				Base,
			);
			mainGroup = 6C67DF682551D19200F08F37;
			productRefGroup = 6C67DF722551D19200F08F37 /* Products */;
			projectDirPath = "";
			projectRoot = "";
			targets = (
				6C67DF702551D19200F08F37 /* CitiesSearch */,
				6C67DF862551D19400F08F37 /* CitiesSearchTests */,
			);
		};
/* End PBXProject section */

/* Begin PBXResourcesBuildPhase section */
		6C67DF6F2551D19200F08F37 /* Resources */ = {
			isa = PBXResourcesBuildPhase;
			buildActionMask = 2147483647;
			files = (
				6C67DFCC2551DA4800F08F37 /* cities.json in Resources */,
				6C67DF812551D19300F08F37 /* LaunchScreen.storyboard in Resources */,
				6C67DF7E2551D19300F08F37 /* Preview Assets.xcassets in Resources */,
				6C67DF7B2551D19300F08F37 /* Assets.xcassets in Resources */,
			);
			runOnlyForDeploymentPostprocessing = 0;
		};
		6C67DF852551D19400F08F37 /* Resources */ = {
			isa = PBXResourcesBuildPhase;
			buildActionMask = 2147483647;
			files = (
			);
			runOnlyForDeploymentPostprocessing = 0;
		};
/* End PBXResourcesBuildPhase section */

/* Begin PBXSourcesBuildPhase section */
		6C67DF6D2551D19200F08F37 /* Sources */ = {
			isa = PBXSourcesBuildPhase;
			buildActionMask = 2147483647;
			files = (
				6C67DF752551D19200F08F37 /* AppDelegate.swift in Sources */,
				6C67DFC42551D5E600F08F37 /* NetworkError.swift in Sources */,
				6C67DFC12551D5E600F08F37 /* Logger.swift in Sources */,
				6C67DFC52551D62900F08F37 /* CityTableCell.swift in Sources */,
				6C67DFC72551D62900F08F37 /* CitiesTableController.swift in Sources */,
				6C67DFBD2551D5DF00F08F37 /* UIViewController+Error.swift in Sources */,
				6C67DFCB2551D63A00F08F37 /* City.swift in Sources */,
				6C67DFC02551D5DF00F08F37 /* UIView+Constrains.swift in Sources */,
				6C67DFC22551D5E600F08F37 /* Observable.swift in Sources */,
				6C67DFBE2551D5DF00F08F37 /* Bundle+Decoder.swift in Sources */,
				6C67DFBB2551D5D600F08F37 /* Navigator.swift in Sources */,
				6C67DF772551D19200F08F37 /* SceneDelegate.swift in Sources */,
				6C67DFBA2551D5D600F08F37 /* Destination.swift in Sources */,
				6C67DFC32551D5E600F08F37 /* ActivityIndicatorFooter.swift in Sources */,
				6C67DFC82551D62900F08F37 /* CitiesViewModel.swift in Sources */,
				6C67DF792551D19200F08F37 /* ContentView.swift in Sources */,
				6C67DFC62551D62900F08F37 /* CitiesLocalLoader.swift in Sources */,
				6C67DFBF2551D5DF00F08F37 /* Data+Codable.swift in Sources */,
				6C67DFBC2551D5DF00F08F37 /* UITableView+Cell.swift in Sources */,
			);
			runOnlyForDeploymentPostprocessing = 0;
		};
		6C67DF832551D19400F08F37 /* Sources */ = {
			isa = PBXSourcesBuildPhase;
			buildActionMask = 2147483647;
			files = (
				6C67DF8C2551D19400F08F37 /* CitiesSearchTests.swift in Sources */,
			);
			runOnlyForDeploymentPostprocessing = 0;
		};
/* End PBXSourcesBuildPhase section */

/* Begin PBXTargetDependency section */
		6C67DF892551D19400F08F37 /* PBXTargetDependency */ = {
			isa = PBXTargetDependency;
			target = 6C67DF702551D19200F08F37 /* CitiesSearch */;
			targetProxy = 6C67DF882551D19400F08F37 /* PBXContainerItemProxy */;
		};
/* End PBXTargetDependency section */

/* Begin PBXVariantGroup section */
		6C67DF7F2551D19300F08F37 /* LaunchScreen.storyboard */ = {
			isa = PBXVariantGroup;
			children = (
				6C67DF802551D19300F08F37 /* Base */,
			);
			name = LaunchScreen.storyboard;
			sourceTree = "<group>";
		};
/* End PBXVariantGroup section */

/* Begin XCBuildConfiguration section */
		6C67DF8E2551D19400F08F37 /* Debug */ = {
			isa = XCBuildConfiguration;
			buildSettings = {
				ALWAYS_SEARCH_USER_PATHS = NO;
				CLANG_ANALYZER_NONNULL = YES;
				CLANG_ANALYZER_NUMBER_OBJECT_CONVERSION = YES_AGGRESSIVE;
				CLANG_CXX_LANGUAGE_STANDARD = "gnu++14";
				CLANG_CXX_LIBRARY = "libc++";
				CLANG_ENABLE_MODULES = YES;
				CLANG_ENABLE_OBJC_ARC = YES;
				CLANG_ENABLE_OBJC_WEAK = YES;
				CLANG_WARN_BLOCK_CAPTURE_AUTORELEASING = YES;
				CLANG_WARN_BOOL_CONVERSION = YES;
				CLANG_WARN_COMMA = YES;
				CLANG_WARN_CONSTANT_CONVERSION = YES;
				CLANG_WARN_DEPRECATED_OBJC_IMPLEMENTATIONS = YES;
				CLANG_WARN_DIRECT_OBJC_ISA_USAGE = YES_ERROR;
				CLANG_WARN_DOCUMENTATION_COMMENTS = YES;
				CLANG_WARN_EMPTY_BODY = YES;
				CLANG_WARN_ENUM_CONVERSION = YES;
				CLANG_WARN_INFINITE_RECURSION = YES;
				CLANG_WARN_INT_CONVERSION = YES;
				CLANG_WARN_NON_LITERAL_NULL_CONVERSION = YES;
				CLANG_WARN_OBJC_IMPLICIT_RETAIN_SELF = YES;
				CLANG_WARN_OBJC_LITERAL_CONVERSION = YES;
				CLANG_WARN_OBJC_ROOT_CLASS = YES_ERROR;
				CLANG_WARN_RANGE_LOOP_ANALYSIS = YES;
				CLANG_WARN_STRICT_PROTOTYPES = YES;
				CLANG_WARN_SUSPICIOUS_MOVE = YES;
				CLANG_WARN_UNGUARDED_AVAILABILITY = YES_AGGRESSIVE;
				CLANG_WARN_UNREACHABLE_CODE = YES;
				CLANG_WARN__DUPLICATE_METHOD_MATCH = YES;
				COPY_PHASE_STRIP = NO;
				DEBUG_INFORMATION_FORMAT = dwarf;
				ENABLE_STRICT_OBJC_MSGSEND = YES;
				ENABLE_TESTABILITY = YES;
				GCC_C_LANGUAGE_STANDARD = gnu11;
				GCC_DYNAMIC_NO_PIC = NO;
				GCC_NO_COMMON_BLOCKS = YES;
				GCC_OPTIMIZATION_LEVEL = 0;
				GCC_PREPROCESSOR_DEFINITIONS = (
					"DEBUG=1",
					"$(inherited)",
				);
				GCC_WARN_64_TO_32_BIT_CONVERSION = YES;
				GCC_WARN_ABOUT_RETURN_TYPE = YES_ERROR;
				GCC_WARN_UNDECLARED_SELECTOR = YES;
				GCC_WARN_UNINITIALIZED_AUTOS = YES_AGGRESSIVE;
				GCC_WARN_UNUSED_FUNCTION = YES;
				GCC_WARN_UNUSED_VARIABLE = YES;
				IPHONEOS_DEPLOYMENT_TARGET = 13.5;
				MTL_ENABLE_DEBUG_INFO = INCLUDE_SOURCE;
				MTL_FAST_MATH = YES;
				ONLY_ACTIVE_ARCH = YES;
				SDKROOT = iphoneos;
				SWIFT_ACTIVE_COMPILATION_CONDITIONS = DEBUG;
				SWIFT_OPTIMIZATION_LEVEL = "-Onone";
			};
			name = Debug;
		};
		6C67DF8F2551D19400F08F37 /* Release */ = {
			isa = XCBuildConfiguration;
			buildSettings = {
				ALWAYS_SEARCH_USER_PATHS = NO;
				CLANG_ANALYZER_NONNULL = YES;
				CLANG_ANALYZER_NUMBER_OBJECT_CONVERSION = YES_AGGRESSIVE;
				CLANG_CXX_LANGUAGE_STANDARD = "gnu++14";
				CLANG_CXX_LIBRARY = "libc++";
				CLANG_ENABLE_MODULES = YES;
				CLANG_ENABLE_OBJC_ARC = YES;
				CLANG_ENABLE_OBJC_WEAK = YES;
				CLANG_WARN_BLOCK_CAPTURE_AUTORELEASING = YES;
				CLANG_WARN_BOOL_CONVERSION = YES;
				CLANG_WARN_COMMA = YES;
				CLANG_WARN_CONSTANT_CONVERSION = YES;
				CLANG_WARN_DEPRECATED_OBJC_IMPLEMENTATIONS = YES;
				CLANG_WARN_DIRECT_OBJC_ISA_USAGE = YES_ERROR;
				CLANG_WARN_DOCUMENTATION_COMMENTS = YES;
				CLANG_WARN_EMPTY_BODY = YES;
				CLANG_WARN_ENUM_CONVERSION = YES;
				CLANG_WARN_INFINITE_RECURSION = YES;
				CLANG_WARN_INT_CONVERSION = YES;
				CLANG_WARN_NON_LITERAL_NULL_CONVERSION = YES;
				CLANG_WARN_OBJC_IMPLICIT_RETAIN_SELF = YES;
				CLANG_WARN_OBJC_LITERAL_CONVERSION = YES;
				CLANG_WARN_OBJC_ROOT_CLASS = YES_ERROR;
				CLANG_WARN_RANGE_LOOP_ANALYSIS = YES;
				CLANG_WARN_STRICT_PROTOTYPES = YES;
				CLANG_WARN_SUSPICIOUS_MOVE = YES;
				CLANG_WARN_UNGUARDED_AVAILABILITY = YES_AGGRESSIVE;
				CLANG_WARN_UNREACHABLE_CODE = YES;
				CLANG_WARN__DUPLICATE_METHOD_MATCH = YES;
				COPY_PHASE_STRIP = NO;
				DEBUG_INFORMATION_FORMAT = "dwarf-with-dsym";
				ENABLE_NS_ASSERTIONS = NO;
				ENABLE_STRICT_OBJC_MSGSEND = YES;
				GCC_C_LANGUAGE_STANDARD = gnu11;
				GCC_NO_COMMON_BLOCKS = YES;
				GCC_WARN_64_TO_32_BIT_CONVERSION = YES;
				GCC_WARN_ABOUT_RETURN_TYPE = YES_ERROR;
				GCC_WARN_UNDECLARED_SELECTOR = YES;
				GCC_WARN_UNINITIALIZED_AUTOS = YES_AGGRESSIVE;
				GCC_WARN_UNUSED_FUNCTION = YES;
				GCC_WARN_UNUSED_VARIABLE = YES;
				IPHONEOS_DEPLOYMENT_TARGET = 13.5;
				MTL_ENABLE_DEBUG_INFO = NO;
				MTL_FAST_MATH = YES;
				SDKROOT = iphoneos;
				SWIFT_COMPILATION_MODE = wholemodule;
				SWIFT_OPTIMIZATION_LEVEL = "-O";
				VALIDATE_PRODUCT = YES;
			};
			name = Release;
		};
		6C67DF912551D19400F08F37 /* Debug */ = {
			isa = XCBuildConfiguration;
			buildSettings = {
				ASSETCATALOG_COMPILER_APPICON_NAME = AppIcon;
				CODE_SIGN_STYLE = Automatic;
				DEVELOPMENT_ASSET_PATHS = "\"CitiesSearch/Preview Content\"";
				DEVELOPMENT_TEAM = 475YN7ANSF;
				ENABLE_PREVIEWS = YES;
				INFOPLIST_FILE = CitiesSearch/SupportingFiles/Info.plist;
				LD_RUNPATH_SEARCH_PATHS = (
					"$(inherited)",
					"@executable_path/Frameworks",
				);
				PRODUCT_BUNDLE_IDENTIFIER = abozaid.CitiesSearch;
				PRODUCT_NAME = "$(TARGET_NAME)";
				SWIFT_VERSION = 5.0;
				TARGETED_DEVICE_FAMILY = "1,2";
			};
			name = Debug;
		};
		6C67DF922551D19400F08F37 /* Release */ = {
			isa = XCBuildConfiguration;
			buildSettings = {
				ASSETCATALOG_COMPILER_APPICON_NAME = AppIcon;
				CODE_SIGN_STYLE = Automatic;
				DEVELOPMENT_ASSET_PATHS = "\"CitiesSearch/Preview Content\"";
				DEVELOPMENT_TEAM = 475YN7ANSF;
				ENABLE_PREVIEWS = YES;
				INFOPLIST_FILE = CitiesSearch/SupportingFiles/Info.plist;
				LD_RUNPATH_SEARCH_PATHS = (
					"$(inherited)",
					"@executable_path/Frameworks",
				);
				PRODUCT_BUNDLE_IDENTIFIER = abozaid.CitiesSearch;
				PRODUCT_NAME = "$(TARGET_NAME)";
				SWIFT_VERSION = 5.0;
				TARGETED_DEVICE_FAMILY = "1,2";
			};
			name = Release;
		};
		6C67DF942551D19400F08F37 /* Debug */ = {
			isa = XCBuildConfiguration;
			buildSettings = {
				ALWAYS_EMBED_SWIFT_STANDARD_LIBRARIES = YES;
				BUNDLE_LOADER = "$(TEST_HOST)";
				CODE_SIGN_STYLE = Automatic;
				DEVELOPMENT_TEAM = 475YN7ANSF;
				INFOPLIST_FILE = CitiesSearchTests/Info.plist;
				IPHONEOS_DEPLOYMENT_TARGET = 13.5;
				LD_RUNPATH_SEARCH_PATHS = (
					"$(inherited)",
					"@executable_path/Frameworks",
					"@loader_path/Frameworks",
				);
				PRODUCT_BUNDLE_IDENTIFIER = abozaid.CitiesSearchTests;
				PRODUCT_NAME = "$(TARGET_NAME)";
				SWIFT_VERSION = 5.0;
				TARGETED_DEVICE_FAMILY = "1,2";
				TEST_HOST = "$(BUILT_PRODUCTS_DIR)/CitiesSearch.app/CitiesSearch";
			};
			name = Debug;
		};
		6C67DF952551D19400F08F37 /* Release */ = {
			isa = XCBuildConfiguration;
			buildSettings = {
				ALWAYS_EMBED_SWIFT_STANDARD_LIBRARIES = YES;
				BUNDLE_LOADER = "$(TEST_HOST)";
				CODE_SIGN_STYLE = Automatic;
				DEVELOPMENT_TEAM = 475YN7ANSF;
				INFOPLIST_FILE = CitiesSearchTests/Info.plist;
				IPHONEOS_DEPLOYMENT_TARGET = 13.5;
				LD_RUNPATH_SEARCH_PATHS = (
					"$(inherited)",
					"@executable_path/Frameworks",
					"@loader_path/Frameworks",
				);
				PRODUCT_BUNDLE_IDENTIFIER = abozaid.CitiesSearchTests;
				PRODUCT_NAME = "$(TARGET_NAME)";
				SWIFT_VERSION = 5.0;
				TARGETED_DEVICE_FAMILY = "1,2";
				TEST_HOST = "$(BUILT_PRODUCTS_DIR)/CitiesSearch.app/CitiesSearch";
			};
			name = Release;
		};
/* End XCBuildConfiguration section */

/* Begin XCConfigurationList section */
		6C67DF6C2551D19200F08F37 /* Build configuration list for PBXProject "CitiesSearch" */ = {
			isa = XCConfigurationList;
			buildConfigurations = (
				6C67DF8E2551D19400F08F37 /* Debug */,
				6C67DF8F2551D19400F08F37 /* Release */,
			);
			defaultConfigurationIsVisible = 0;
			defaultConfigurationName = Release;
		};
		6C67DF902551D19400F08F37 /* Build configuration list for PBXNativeTarget "CitiesSearch" */ = {
			isa = XCConfigurationList;
			buildConfigurations = (
				6C67DF912551D19400F08F37 /* Debug */,
				6C67DF922551D19400F08F37 /* Release */,
			);
			defaultConfigurationIsVisible = 0;
			defaultConfigurationName = Release;
		};
		6C67DF932551D19400F08F37 /* Build configuration list for PBXNativeTarget "CitiesSearchTests" */ = {
			isa = XCConfigurationList;
			buildConfigurations = (
				6C67DF942551D19400F08F37 /* Debug */,
				6C67DF952551D19400F08F37 /* Release */,
			);
			defaultConfigurationIsVisible = 0;
			defaultConfigurationName = Release;
		};
/* End XCConfigurationList section */
	};
	rootObject = 6C67DF692551D19200F08F37 /* Project object */;
}
